
Microsoft Visual Studio Solution File, Format Version 12.00
# Visual Studio Version 16
VisualStudioVersion = 16.0.29728.190
MinimumVisualStudioVersion = 10.0.40219.1
Project("{FAE04EC0-301F-11D3-BF4B-00C04F79EFBC}") = "1erParcialP3", "1erParcialP3\1erParcialP3.csproj", "{1B4C1665-CD4A-4B0A-9923-F0F8A13C1E6B}"
EndProject
Global
	GlobalSection(SolutionConfigurationPlatforms) = preSolution
		Debug|Any CPU = Debug|Any CPU
		Release|Any CPU = Release|Any CPU
	EndGlobalSection
	GlobalSection(ProjectConfigurationPlatforms) = postSolution
		{1B4C1665-CD4A-4B0A-9923-F0F8A13C1E6B}.Debug|Any CPU.ActiveCfg = Debug|Any CPU
		{1B4C1665-CD4A-4B0A-9923-F0F8A13C1E6B}.Debug|Any CPU.Build.0 = Debug|Any CPU
		{1B4C1665-CD4A-4B0A-9923-F0F8A13C1E6B}.Release|Any CPU.ActiveCfg = Release|Any CPU
		{1B4C1665-CD4A-4B0A-9923-F0F8A13C1E6B}.Release|Any CPU.Build.0 = Release|Any CPU
	EndGlobalSection
	GlobalSection(SolutionProperties) = preSolution
		HideSolutionNode = FALSE
	EndGlobalSection
	GlobalSection(ExtensibilityGlobals) = postSolution
		SolutionGuid = {68C323EA-3258-4296-8BB3-FB3DB3F86557}
	EndGlobalSection
EndGlobal
